
Microsoft Visual Studio Solution File, Format Version 12.00
# Visual Studio Version 16
VisualStudioVersion = 16.0.29609.76
MinimumVisualStudioVersion = 10.0.40219.1
Project("{FAE04EC0-301F-11D3-BF4B-00C04F79EFBC}") = "GreenvilleRevenue", "GreenvilleRevenue\GreenvilleRevenue.csproj", "{28E4EE6E-9D13-483E-A965-82B7F5B50DAA}"
EndProject
Global
	GlobalSection(SolutionConfigurationPlatforms) = preSolution
		Debug|Any CPU = Debug|Any CPU
		Release|Any CPU = Release|Any CPU
	EndGlobalSection
	GlobalSection(ProjectConfigurationPlatforms) = postSolution
		{28E4EE6E-9D13-483E-A965-82B7F5B50DAA}.Debug|Any CPU.ActiveCfg = Debug|Any CPU
		{28E4EE6E-9D13-483E-A965-82B7F5B50DAA}.Debug|Any CPU.Build.0 = Debug|Any CPU
		{28E4EE6E-9D13-483E-A965-82B7F5B50DAA}.Release|Any CPU.ActiveCfg = Release|Any CPU
		{28E4EE6E-9D13-483E-A965-82B7F5B50DAA}.Release|Any CPU.Build.0 = Release|Any CPU
	EndGlobalSection
	GlobalSection(SolutionProperties) = preSolution
		HideSolutionNode = FALSE
	EndGlobalSection
	GlobalSection(ExtensibilityGlobals) = postSolution
		SolutionGuid = {BA19E096-CEC7-40A0-B211-67EF79C523A6}
	EndGlobalSection
EndGlobal
